
Microsoft Visual Studio Solution File, Format Version 12.00
# Visual Studio Version 17
VisualStudioVersion = 17.0.32126.317
MinimumVisualStudioVersion = 10.0.40219.1
Project("{FAE04EC0-301F-11D3-BF4B-00C04F79EFBC}") = "Exercise 7 A", "Exercise 7 A\Exercise 7 A.csproj", "{36DC2BC8-6E20-474C-BE91-F2248D1FA8FE}"
EndProject
Global
	GlobalSection(SolutionConfigurationPlatforms) = preSolution
		Debug|Any CPU = Debug|Any CPU
		Release|Any CPU = Release|Any CPU
	EndGlobalSection
	GlobalSection(ProjectConfigurationPlatforms) = postSolution
		{36DC2BC8-6E20-474C-BE91-F2248D1FA8FE}.Debug|Any CPU.ActiveCfg = Debug|Any CPU
		{36DC2BC8-6E20-474C-BE91-F2248D1FA8FE}.Debug|Any CPU.Build.0 = Debug|Any CPU
		{36DC2BC8-6E20-474C-BE91-F2248D1FA8FE}.Release|Any CPU.ActiveCfg = Release|Any CPU
		{36DC2BC8-6E20-474C-BE91-F2248D1FA8FE}.Release|Any CPU.Build.0 = Release|Any CPU
	EndGlobalSection
	GlobalSection(SolutionProperties) = preSolution
		HideSolutionNode = FALSE
	EndGlobalSection
	GlobalSection(ExtensibilityGlobals) = postSolution
		SolutionGuid = {599665A8-ACC8-4F81-B613-EBEA1CF855DE}
	EndGlobalSection
EndGlobal
